PODS:
  - Alamofire (5.5.0)
  - ReactorKit (3.2.0):
    - RxSwift (~> 6.0)
    - WeakMapTable (~> 1.1)
  - RxSwift (6.5.0)
  - SnapKit (5.0.1)
  - Then (2.7.0)
  - WeakMapTable (1.2.0)

DEPENDENCIES:
  - Alamofire
  - ReactorKit
  - SnapKit
  - Then

SPEC REPOS:
  trunk:
    - Alamofire
    - ReactorKit
    - RxSwift
    - SnapKit
    - Then
    - WeakMapTable

SPEC CHECKSUMS:
  Alamofire: 1c4fb5369c3fe93d2857c780d8bbe09f06f97e7c
  ReactorKit: e8b11d6b9c415405f381669b095c154a05b59eca
  RxSwift: 5710a9e6b17f3c3d6e40d6e559b9fa1e813b2ef8
  SnapKit: 97b92857e3df3a0c71833cce143274bf6ef8e5eb
  Then: acfe0be7e98221c6204e12f8161459606d5d822d
  WeakMapTable: 05c694ce8439a7a9ebabb56187287a63c57673d6

PODFILE CHECKSUM: c059b70c114c8284b7d598a00a463ea898b4722a

COCOAPODS: 1.11.2
