// !$*UTF8*$!
{
	archiveVersion = 1;
	classes = {
	};
	objectVersion = 55;
	objects = {

/* Begin PBXBuildFile section */
		2CF3BD8042A06115D37B3BEB /* Pods_FLOMusicPlayer_ReactorKit.framework in Frameworks */ = {isa = PBXBuildFile; fileRef = F57F30BE791DE55424F27498 /* Pods_FLOMusicPlayer_ReactorKit.framework */; };
		AEA0B20A2815227900193449 /* MusicAPI.swift in Sources */ = {isa = PBXBuildFile; fileRef = AEA0B2092815227900193449 /* MusicAPI.swift */; };
		AEA0B20D2815254E00193449 /* MusicAPIService.swift in Sources */ = {isa = PBXBuildFile; fileRef = AEA0B20C2815254E00193449 /* MusicAPIService.swift */; };
		AEA0B20F2815278C00193449 /* Networkable.swift in Sources */ = {isa = PBXBuildFile; fileRef = AEA0B20E2815278C00193449 /* Networkable.swift */; };
		AEA0B211281527B900193449 /* NetworkLoggerPlugin.swift in Sources */ = {isa = PBXBuildFile; fileRef = AEA0B210281527B900193449 /* NetworkLoggerPlugin.swift */; };
		AEA0B21528152BF100193449 /* Music.swift in Sources */ = {isa = PBXBuildFile; fileRef = AEA0B21428152BF100193449 /* Music.swift */; };
		AEA0B218281540AC00193449 /* LyricCell.swift in Sources */ = {isa = PBXBuildFile; fileRef = AEA0B217281540AC00193449 /* LyricCell.swift */; };
		AEFF94932813EA8F00BF4D70 /* AppDelegate.swift in Sources */ = {isa = PBXBuildFile; fileRef = AEFF94922813EA8F00BF4D70 /* AppDelegate.swift */; };
		AEFF94952813EA8F00BF4D70 /* SceneDelegate.swift in Sources */ = {isa = PBXBuildFile; fileRef = AEFF94942813EA8F00BF4D70 /* SceneDelegate.swift */; };
		AEFF949C2813EA9000BF4D70 /* Assets.xcassets in Resources */ = {isa = PBXBuildFile; fileRef = AEFF949B2813EA9000BF4D70 /* Assets.xcassets */; };
		AEFF949F2813EA9000BF4D70 /* LaunchScreen.storyboard in Resources */ = {isa = PBXBuildFile; fileRef = AEFF949D2813EA9000BF4D70 /* LaunchScreen.storyboard */; };
		AEFF94AB2813ECDF00BF4D70 /* MusicPlayViewController.swift in Sources */ = {isa = PBXBuildFile; fileRef = AEFF94AA2813ECDF00BF4D70 /* MusicPlayViewController.swift */; };
		AEFF94AD2813ED0300BF4D70 /* MusicPlayReactor.swift in Sources */ = {isa = PBXBuildFile; fileRef = AEFF94AC2813ED0300BF4D70 /* MusicPlayReactor.swift */; };
		AEFF94B02813EE2500BF4D70 /* BaseViewController.swift in Sources */ = {isa = PBXBuildFile; fileRef = AEFF94AF2813EE2500BF4D70 /* BaseViewController.swift */; };
/* End PBXBuildFile section */

/* Begin PBXFileReference section */
		0FA1163549060BF65A78AF23 /* Pods-FLOMusicPlayer_ReactorKit.release.xcconfig */ = {isa = PBXFileReference; includeInIndex = 1; lastKnownFileType = text.xcconfig; name = "Pods-FLOMusicPlayer_ReactorKit.release.xcconfig"; path = "Target Support Files/Pods-FLOMusicPlayer_ReactorKit/Pods-FLOMusicPlayer_ReactorKit.release.xcconfig"; sourceTree = "<group>"; };
		AEA0B2092815227900193449 /* MusicAPI.swift */ = {isa = PBXFileReference; lastKnownFileType = sourcecode.swift; path = MusicAPI.swift; sourceTree = "<group>"; };
		AEA0B20C2815254E00193449 /* MusicAPIService.swift */ = {isa = PBXFileReference; lastKnownFileType = sourcecode.swift; path = MusicAPIService.swift; sourceTree = "<group>"; };
		AEA0B20E2815278C00193449 /* Networkable.swift */ = {isa = PBXFileReference; lastKnownFileType = sourcecode.swift; path = Networkable.swift; sourceTree = "<group>"; };
		AEA0B210281527B900193449 /* NetworkLoggerPlugin.swift */ = {isa = PBXFileReference; lastKnownFileType = sourcecode.swift; path = NetworkLoggerPlugin.swift; sourceTree = "<group>"; };
		AEA0B21428152BF100193449 /* Music.swift */ = {isa = PBXFileReference; lastKnownFileType = sourcecode.swift; path = Music.swift; sourceTree = "<group>"; };
		AEA0B217281540AC00193449 /* LyricCell.swift */ = {isa = PBXFileReference; lastKnownFileType = sourcecode.swift; path = LyricCell.swift; sourceTree = "<group>"; };
		AEFF948F2813EA8F00BF4D70 /* FLOMusicPlayer_ReactorKit.app */ = {isa = PBXFileReference; explicitFileType = wrapper.application; includeInIndex = 0; path = FLOMusicPlayer_ReactorKit.app; sourceTree = BUILT_PRODUCTS_DIR; };
		AEFF94922813EA8F00BF4D70 /* AppDelegate.swift */ = {isa = PBXFileReference; lastKnownFileType = sourcecode.swift; path = AppDelegate.swift; sourceTree = "<group>"; };
		AEFF94942813EA8F00BF4D70 /* SceneDelegate.swift */ = {isa = PBXFileReference; lastKnownFileType = sourcecode.swift; path = SceneDelegate.swift; sourceTree = "<group>"; };
		AEFF949B2813EA9000BF4D70 /* Assets.xcassets */ = {isa = PBXFileReference; lastKnownFileType = folder.assetcatalog; path = Assets.xcassets; sourceTree = "<group>"; };
		AEFF949E2813EA9000BF4D70 /* Base */ = {isa = PBXFileReference; lastKnownFileType = file.storyboard; name = Base; path = Base.lproj/LaunchScreen.storyboard; sourceTree = "<group>"; };
		AEFF94A02813EA9000BF4D70 /* Info.plist */ = {isa = PBXFileReference; lastKnownFileType = text.plist.xml; path = Info.plist; sourceTree = "<group>"; };
		AEFF94AA2813ECDF00BF4D70 /* MusicPlayViewController.swift */ = {isa = PBXFileReference; lastKnownFileType = sourcecode.swift; path = MusicPlayViewController.swift; sourceTree = "<group>"; };
		AEFF94AC2813ED0300BF4D70 /* MusicPlayReactor.swift */ = {isa = PBXFileReference; lastKnownFileType = sourcecode.swift; path = MusicPlayReactor.swift; sourceTree = "<group>"; };
		AEFF94AF2813EE2500BF4D70 /* BaseViewController.swift */ = {isa = PBXFileReference; lastKnownFileType = sourcecode.swift; path = BaseViewController.swift; sourceTree = "<group>"; };
		DE238ABEA2A05F8AF66DCAA3 /* Pods-FLOMusicPlayer_ReactorKit.debug.xcconfig */ = {isa = PBXFileReference; includeInIndex = 1; lastKnownFileType = text.xcconfig; name = "Pods-FLOMusicPlayer_ReactorKit.debug.xcconfig"; path = "Target Support Files/Pods-FLOMusicPlayer_ReactorKit/Pods-FLOMusicPlayer_ReactorKit.debug.xcconfig"; sourceTree = "<group>"; };
		F57F30BE791DE55424F27498 /* Pods_FLOMusicPlayer_ReactorKit.framework */ = {isa = PBXFileReference; explicitFileType = wrapper.framework; includeInIndex = 0; path = Pods_FLOMusicPlayer_ReactorKit.framework; sourceTree = BUILT_PRODUCTS_DIR; };
/* End PBXFileReference section */

/* Begin PBXFrameworksBuildPhase section */
		AEFF948C2813EA8F00BF4D70 /* Frameworks */ = {
			isa = PBXFrameworksBuildPhase;
			buildActionMask = 2147483647;
			files = (
				2CF3BD8042A06115D37B3BEB /* Pods_FLOMusicPlayer_ReactorKit.framework in Frameworks */,
			);
			runOnlyForDeploymentPostprocessing = 0;
		};
/* End PBXFrameworksBuildPhase section */

/* Begin PBXGroup section */
		A28EAF9A88A57B8E9EB0AEE9 /* Frameworks */ = {
			isa = PBXGroup;
			children = (
				F57F30BE791DE55424F27498 /* Pods_FLOMusicPlayer_ReactorKit.framework */,
			);
			name = Frameworks;
			sourceTree = "<group>";
		};
		AEA0B2082815226C00193449 /* EndPoint */ = {
			isa = PBXGroup;
			children = (
				AEA0B2092815227900193449 /* MusicAPI.swift */,
			);
			path = EndPoint;
			sourceTree = "<group>";
		};
		AEA0B20B2815253F00193449 /* Service */ = {
			isa = PBXGroup;
			children = (
				AEA0B20C2815254E00193449 /* MusicAPIService.swift */,
			);
			path = Service;
			sourceTree = "<group>";
		};
		AEA0B216281540A500193449 /* View */ = {
			isa = PBXGroup;
			children = (
				AEA0B217281540AC00193449 /* LyricCell.swift */,
			);
			path = View;
			sourceTree = "<group>";
		};
		AEFF94862813EA8F00BF4D70 = {
			isa = PBXGroup;
			children = (
				AEFF94912813EA8F00BF4D70 /* FLOMusicPlayer_ReactorKit */,
				AEFF94902813EA8F00BF4D70 /* Products */,
				E9F83106A3ED28805E994357 /* Pods */,
				A28EAF9A88A57B8E9EB0AEE9 /* Frameworks */,
			);
			sourceTree = "<group>";
		};
		AEFF94902813EA8F00BF4D70 /* Products */ = {
			isa = PBXGroup;
			children = (
				AEFF948F2813EA8F00BF4D70 /* FLOMusicPlayer_ReactorKit.app */,
			);
			name = Products;
			sourceTree = "<group>";
		};
		AEFF94912813EA8F00BF4D70 /* FLOMusicPlayer_ReactorKit */ = {
			isa = PBXGroup;
			children = (
				AEFF94A92813ECB500BF4D70 /* Model */,
				AEFF94A82813ECB000BF4D70 /* Network */,
				AEFF94A62813ECA100BF4D70 /* Scenes */,
				AEFF94922813EA8F00BF4D70 /* AppDelegate.swift */,
				AEFF94942813EA8F00BF4D70 /* SceneDelegate.swift */,
				AEFF949B2813EA9000BF4D70 /* Assets.xcassets */,
				AEFF949D2813EA9000BF4D70 /* LaunchScreen.storyboard */,
				AEFF94A02813EA9000BF4D70 /* Info.plist */,
			);
			path = FLOMusicPlayer_ReactorKit;
			sourceTree = "<group>";
		};
		AEFF94A62813ECA100BF4D70 /* Scenes */ = {
			isa = PBXGroup;
			children = (
				AEFF94AE2813EE1A00BF4D70 /* Common */,
				AEFF94A72813ECA800BF4D70 /* MusicPlay */,
			);
			path = Scenes;
			sourceTree = "<group>";
		};
		AEFF94A72813ECA800BF4D70 /* MusicPlay */ = {
			isa = PBXGroup;
			children = (
				AEA0B216281540A500193449 /* View */,
				AEFF94AA2813ECDF00BF4D70 /* MusicPlayViewController.swift */,
				AEFF94AC2813ED0300BF4D70 /* MusicPlayReactor.swift */,
			);
			path = MusicPlay;
			sourceTree = "<group>";
		};
		AEFF94A82813ECB000BF4D70 /* Network */ = {
			isa = PBXGroup;
			children = (
				AEA0B20B2815253F00193449 /* Service */,
				AEA0B2082815226C00193449 /* EndPoint */,
				AEA0B20E2815278C00193449 /* Networkable.swift */,
				AEA0B210281527B900193449 /* NetworkLoggerPlugin.swift */,
			);
			path = Network;
			sourceTree = "<group>";
		};
		AEFF94A92813ECB500BF4D70 /* Model */ = {
			isa = PBXGroup;
			children = (
				AEA0B21428152BF100193449 /* Music.swift */,
			);
			path = Model;
			sourceTree = "<group>";
		};
		AEFF94AE2813EE1A00BF4D70 /* Common */ = {
			isa = PBXGroup;
			children = (
				AEFF94AF2813EE2500BF4D70 /* BaseViewController.swift */,
			);
			path = Common;
			sourceTree = "<group>";
		};
		E9F83106A3ED28805E994357 /* Pods */ = {
			isa = PBXGroup;
			children = (
				DE238ABEA2A05F8AF66DCAA3 /* Pods-FLOMusicPlayer_ReactorKit.debug.xcconfig */,
				0FA1163549060BF65A78AF23 /* Pods-FLOMusicPlayer_ReactorKit.release.xcconfig */,
			);
			path = Pods;
			sourceTree = "<group>";
		};
/* End PBXGroup section */

/* Begin PBXNativeTarget section */
		AEFF948E2813EA8F00BF4D70 /* FLOMusicPlayer_ReactorKit */ = {
			isa = PBXNativeTarget;
			buildConfigurationList = AEFF94A32813EA9000BF4D70 /* Build configuration list for PBXNativeTarget "FLOMusicPlayer_ReactorKit" */;
			buildPhases = (
				4C2A7BC8C3C54A90385B7771 /* [CP] Check Pods Manifest.lock */,
				AEFF948B2813EA8F00BF4D70 /* Sources */,
				AEFF948C2813EA8F00BF4D70 /* Frameworks */,
				AEFF948D2813EA8F00BF4D70 /* Resources */,
				D7FC1B9A106C4E0D3D50633D /* [CP] Embed Pods Frameworks */,
			);
			buildRules = (
			);
			dependencies = (
			);
			name = FLOMusicPlayer_ReactorKit;
			productName = FLOMusicPlayer_ReactorKit;
			productReference = AEFF948F2813EA8F00BF4D70 /* FLOMusicPlayer_ReactorKit.app */;
			productType = "com.apple.product-type.application";
		};
/* End PBXNativeTarget section */

/* Begin PBXProject section */
		AEFF94872813EA8F00BF4D70 /* Project object */ = {
			isa = PBXProject;
			attributes = {
				BuildIndependentTargetsInParallel = 1;
				LastSwiftUpdateCheck = 1320;
				LastUpgradeCheck = 1320;
				TargetAttributes = {
					AEFF948E2813EA8F00BF4D70 = {
						CreatedOnToolsVersion = 13.2.1;
					};
				};
			};
			buildConfigurationList = AEFF948A2813EA8F00BF4D70 /* Build configuration list for PBXProject "FLOMusicPlayer_ReactorKit" */;
			compatibilityVersion = "Xcode 13.0";
			developmentRegion = en;
			hasScannedForEncodings = 0;
			knownRegions = (
				en,
				Base,
			);
			mainGroup = AEFF94862813EA8F00BF4D70;
			productRefGroup = AEFF94902813EA8F00BF4D70 /* Products */;
			projectDirPath = "";
			projectRoot = "";
			targets = (
				AEFF948E2813EA8F00BF4D70 /* FLOMusicPlayer_ReactorKit */,
			);
		};
/* End PBXProject section */

/* Begin PBXResourcesBuildPhase section */
		AEFF948D2813EA8F00BF4D70 /* Resources */ = {
			isa = PBXResourcesBuildPhase;
			buildActionMask = 2147483647;
			files = (
				AEFF949F2813EA9000BF4D70 /* LaunchScreen.storyboard in Resources */,
				AEFF949C2813EA9000BF4D70 /* Assets.xcassets in Resources */,
			);
			runOnlyForDeploymentPostprocessing = 0;
		};
/* End PBXResourcesBuildPhase section */

/* Begin PBXShellScriptBuildPhase section */
		4C2A7BC8C3C54A90385B7771 /* [CP] Check Pods Manifest.lock */ = {
			isa = PBXShellScriptBuildPhase;
			buildActionMask = 2147483647;
			files = (
			);
			inputFileListPaths = (
			);
			inputPaths = (
				"${PODS_PODFILE_DIR_PATH}/Podfile.lock",
				"${PODS_ROOT}/Manifest.lock",
			);
			name = "[CP] Check Pods Manifest.lock";
			outputFileListPaths = (
			);
			outputPaths = (
				"$(DERIVED_FILE_DIR)/Pods-FLOMusicPlayer_ReactorKit-checkManifestLockResult.txt",
			);
			runOnlyForDeploymentPostprocessing = 0;
			shellPath = /bin/sh;
			shellScript = "diff \"${PODS_PODFILE_DIR_PATH}/Podfile.lock\" \"${PODS_ROOT}/Manifest.lock\" > /dev/null\nif [ $? != 0 ] ; then\n    # print error to STDERR\n    echo \"error: The sandbox is not in sync with the Podfile.lock. Run 'pod install' or update your CocoaPods installation.\" >&2\n    exit 1\nfi\n# This output is used by Xcode 'outputs' to avoid re-running this script phase.\necho \"SUCCESS\" > \"${SCRIPT_OUTPUT_FILE_0}\"\n";
			showEnvVarsInLog = 0;
		};
		D7FC1B9A106C4E0D3D50633D /* [CP] Embed Pods Frameworks */ = {
			isa = PBXShellScriptBuildPhase;
			buildActionMask = 2147483647;
			files = (
			);
			inputFileListPaths = (
				"${PODS_ROOT}/Target Support Files/Pods-FLOMusicPlayer_ReactorKit/Pods-FLOMusicPlayer_ReactorKit-frameworks-${CONFIGURATION}-input-files.xcfilelist",
			);
			name = "[CP] Embed Pods Frameworks";
			outputFileListPaths = (
				"${PODS_ROOT}/Target Support Files/Pods-FLOMusicPlayer_ReactorKit/Pods-FLOMusicPlayer_ReactorKit-frameworks-${CONFIGURATION}-output-files.xcfilelist",
			);
			runOnlyForDeploymentPostprocessing = 0;
			shellPath = /bin/sh;
			shellScript = "\"${PODS_ROOT}/Target Support Files/Pods-FLOMusicPlayer_ReactorKit/Pods-FLOMusicPlayer_ReactorKit-frameworks.sh\"\n";
			showEnvVarsInLog = 0;
		};
/* End PBXShellScriptBuildPhase section */

/* Begin PBXSourcesBuildPhase section */
		AEFF948B2813EA8F00BF4D70 /* Sources */ = {
			isa = PBXSourcesBuildPhase;
			buildActionMask = 2147483647;
			files = (
				AEA0B20A2815227900193449 /* MusicAPI.swift in Sources */,
				AEA0B211281527B900193449 /* NetworkLoggerPlugin.swift in Sources */,
				AEFF94B02813EE2500BF4D70 /* BaseViewController.swift in Sources */,
				AEA0B20F2815278C00193449 /* Networkable.swift in Sources */,
				AEFF94AD2813ED0300BF4D70 /* MusicPlayReactor.swift in Sources */,
				AEA0B218281540AC00193449 /* LyricCell.swift in Sources */,
				AEFF94932813EA8F00BF4D70 /* AppDelegate.swift in Sources */,
				AEFF94AB2813ECDF00BF4D70 /* MusicPlayViewController.swift in Sources */,
				AEA0B21528152BF100193449 /* Music.swift in Sources */,
				AEFF94952813EA8F00BF4D70 /* SceneDelegate.swift in Sources */,
				AEA0B20D2815254E00193449 /* MusicAPIService.swift in Sources */,
			);
			runOnlyForDeploymentPostprocessing = 0;
		};
/* End PBXSourcesBuildPhase section */

/* Begin PBXVariantGroup section */
		AEFF949D2813EA9000BF4D70 /* LaunchScreen.storyboard */ = {
			isa = PBXVariantGroup;
			children = (
				AEFF949E2813EA9000BF4D70 /* Base */,
			);
			name = LaunchScreen.storyboard;
			sourceTree = "<group>";
		};
/* End PBXVariantGroup section */

/* Begin XCBuildConfiguration section */
		AEFF94A12813EA9000BF4D70 /* Debug */ = {
			isa = XCBuildConfiguration;
			buildSettings = {
				ALWAYS_SEARCH_USER_PATHS = NO;
				CLANG_ANALYZER_NONNULL = YES;
				CLANG_ANALYZER_NUMBER_OBJECT_CONVERSION = YES_AGGRESSIVE;
				CLANG_CXX_LANGUAGE_STANDARD = "gnu++17";
				CLANG_CXX_LIBRARY = "libc++";
				CLANG_ENABLE_MODULES = YES;
				CLANG_ENABLE_OBJC_ARC = YES;
				CLANG_ENABLE_OBJC_WEAK = YES;
				CLANG_WARN_BLOCK_CAPTURE_AUTORELEASING = YES;
				CLANG_WARN_BOOL_CONVERSION = YES;
				CLANG_WARN_COMMA = YES;
				CLANG_WARN_CONSTANT_CONVERSION = YES;
				CLANG_WARN_DEPRECATED_OBJC_IMPLEMENTATIONS = YES;
				CLANG_WARN_DIRECT_OBJC_ISA_USAGE = YES_ERROR;
				CLANG_WARN_DOCUMENTATION_COMMENTS = YES;
				CLANG_WARN_EMPTY_BODY = YES;
				CLANG_WARN_ENUM_CONVERSION = YES;
				CLANG_WARN_INFINITE_RECURSION = YES;
				CLANG_WARN_INT_CONVERSION = YES;
				CLANG_WARN_NON_LITERAL_NULL_CONVERSION = YES;
				CLANG_WARN_OBJC_IMPLICIT_RETAIN_SELF = YES;
				CLANG_WARN_OBJC_LITERAL_CONVERSION = YES;
				CLANG_WARN_OBJC_ROOT_CLASS = YES_ERROR;
				CLANG_WARN_QUOTED_INCLUDE_IN_FRAMEWORK_HEADER = YES;
				CLANG_WARN_RANGE_LOOP_ANALYSIS = YES;
				CLANG_WARN_STRICT_PROTOTYPES = YES;
				CLANG_WARN_SUSPICIOUS_MOVE = YES;
				CLANG_WARN_UNGUARDED_AVAILABILITY = YES_AGGRESSIVE;
				CLANG_WARN_UNREACHABLE_CODE = YES;
				CLANG_WARN__DUPLICATE_METHOD_MATCH = YES;
				COPY_PHASE_STRIP = NO;
				DEBUG_INFORMATION_FORMAT = dwarf;
				ENABLE_STRICT_OBJC_MSGSEND = YES;
				ENABLE_TESTABILITY = YES;
				GCC_C_LANGUAGE_STANDARD = gnu11;
				GCC_DYNAMIC_NO_PIC = NO;
				GCC_NO_COMMON_BLOCKS = YES;
				GCC_OPTIMIZATION_LEVEL = 0;
				GCC_PREPROCESSOR_DEFINITIONS = (
					"DEBUG=1",
					"$(inherited)",
				);
				GCC_WARN_64_TO_32_BIT_CONVERSION = YES;
				GCC_WARN_ABOUT_RETURN_TYPE = YES_ERROR;
				GCC_WARN_UNDECLARED_SELECTOR = YES;
				GCC_WARN_UNINITIALIZED_AUTOS = YES_AGGRESSIVE;
				GCC_WARN_UNUSED_FUNCTION = YES;
				GCC_WARN_UNUSED_VARIABLE = YES;
				IPHONEOS_DEPLOYMENT_TARGET = 15.2;
				MTL_ENABLE_DEBUG_INFO = INCLUDE_SOURCE;
				MTL_FAST_MATH = YES;
				ONLY_ACTIVE_ARCH = YES;
				SDKROOT = iphoneos;
				SWIFT_ACTIVE_COMPILATION_CONDITIONS = DEBUG;
				SWIFT_OPTIMIZATION_LEVEL = "-Onone";
			};
			name = Debug;
		};
		AEFF94A22813EA9000BF4D70 /* Release */ = {
			isa = XCBuildConfiguration;
			buildSettings = {
				ALWAYS_SEARCH_USER_PATHS = NO;
				CLANG_ANALYZER_NONNULL = YES;
				CLANG_ANALYZER_NUMBER_OBJECT_CONVERSION = YES_AGGRESSIVE;
				CLANG_CXX_LANGUAGE_STANDARD = "gnu++17";
				CLANG_CXX_LIBRARY = "libc++";
				CLANG_ENABLE_MODULES = YES;
				CLANG_ENABLE_OBJC_ARC = YES;
				CLANG_ENABLE_OBJC_WEAK = YES;
				CLANG_WARN_BLOCK_CAPTURE_AUTORELEASING = YES;
				CLANG_WARN_BOOL_CONVERSION = YES;
				CLANG_WARN_COMMA = YES;
				CLANG_WARN_CONSTANT_CONVERSION = YES;
				CLANG_WARN_DEPRECATED_OBJC_IMPLEMENTATIONS = YES;
				CLANG_WARN_DIRECT_OBJC_ISA_USAGE = YES_ERROR;
				CLANG_WARN_DOCUMENTATION_COMMENTS = YES;
				CLANG_WARN_EMPTY_BODY = YES;
				CLANG_WARN_ENUM_CONVERSION = YES;
				CLANG_WARN_INFINITE_RECURSION = YES;
				CLANG_WARN_INT_CONVERSION = YES;
				CLANG_WARN_NON_LITERAL_NULL_CONVERSION = YES;
				CLANG_WARN_OBJC_IMPLICIT_RETAIN_SELF = YES;
				CLANG_WARN_OBJC_LITERAL_CONVERSION = YES;
				CLANG_WARN_OBJC_ROOT_CLASS = YES_ERROR;
				CLANG_WARN_QUOTED_INCLUDE_IN_FRAMEWORK_HEADER = YES;
				CLANG_WARN_RANGE_LOOP_ANALYSIS = YES;
				CLANG_WARN_STRICT_PROTOTYPES = YES;
				CLANG_WARN_SUSPICIOUS_MOVE = YES;
				CLANG_WARN_UNGUARDED_AVAILABILITY = YES_AGGRESSIVE;
				CLANG_WARN_UNREACHABLE_CODE = YES;
				CLANG_WARN__DUPLICATE_METHOD_MATCH = YES;
				COPY_PHASE_STRIP = NO;
				DEBUG_INFORMATION_FORMAT = "dwarf-with-dsym";
				ENABLE_NS_ASSERTIONS = NO;
				ENABLE_STRICT_OBJC_MSGSEND = YES;
				GCC_C_LANGUAGE_STANDARD = gnu11;
				GCC_NO_COMMON_BLOCKS = YES;
				GCC_WARN_64_TO_32_BIT_CONVERSION = YES;
				GCC_WARN_ABOUT_RETURN_TYPE = YES_ERROR;
				GCC_WARN_UNDECLARED_SELECTOR = YES;
				GCC_WARN_UNINITIALIZED_AUTOS = YES_AGGRESSIVE;
				GCC_WARN_UNUSED_FUNCTION = YES;
				GCC_WARN_UNUSED_VARIABLE = YES;
				IPHONEOS_DEPLOYMENT_TARGET = 15.2;
				MTL_ENABLE_DEBUG_INFO = NO;
				MTL_FAST_MATH = YES;
				SDKROOT = iphoneos;
				SWIFT_COMPILATION_MODE = wholemodule;
				SWIFT_OPTIMIZATION_LEVEL = "-O";
				VALIDATE_PRODUCT = YES;
			};
			name = Release;
		};
		AEFF94A42813EA9000BF4D70 /* Debug */ = {
			isa = XCBuildConfiguration;
			baseConfigurationReference = DE238ABEA2A05F8AF66DCAA3 /* Pods-FLOMusicPlayer_ReactorKit.debug.xcconfig */;
			buildSettings = {
				ASSETCATALOG_COMPILER_APPICON_NAME = AppIcon;
				ASSETCATALOG_COMPILER_GLOBAL_ACCENT_COLOR_NAME = AccentColor;
				CODE_SIGN_STYLE = Automatic;
				CURRENT_PROJECT_VERSION = 1;
				DEVELOPMENT_TEAM = HWBJNMY98D;
				GENERATE_INFOPLIST_FILE = YES;
				INFOPLIST_FILE = FLOMusicPlayer_ReactorKit/Info.plist;
				INFOPLIST_KEY_UIApplicationSupportsIndirectInputEvents = YES;
				INFOPLIST_KEY_UILaunchStoryboardName = LaunchScreen;
				INFOPLIST_KEY_UISupportedInterfaceOrientations_iPad = "UIInterfaceOrientationPortrait UIInterfaceOrientationPortraitUpsideDown UIInterfaceOrientationLandscapeLeft UIInterfaceOrientationLandscapeRight";
				INFOPLIST_KEY_UISupportedInterfaceOrientations_iPhone = "UIInterfaceOrientationPortrait UIInterfaceOrientationLandscapeLeft UIInterfaceOrientationLandscapeRight";
				LD_RUNPATH_SEARCH_PATHS = (
					"$(inherited)",
					"@executable_path/Frameworks",
				);
				MARKETING_VERSION = 1.0;
				PRODUCT_BUNDLE_IDENTIFIER = "com.zaezero.FLOMusicPlayer-ReactorKit";
				PRODUCT_NAME = "$(TARGET_NAME)";
				SWIFT_EMIT_LOC_STRINGS = YES;
				SWIFT_VERSION = 5.0;
				TARGETED_DEVICE_FAMILY = "1,2";
			};
			name = Debug;
		};
		AEFF94A52813EA9000BF4D70 /* Release */ = {
			isa = XCBuildConfiguration;
			baseConfigurationReference = 0FA1163549060BF65A78AF23 /* Pods-FLOMusicPlayer_ReactorKit.release.xcconfig */;
			buildSettings = {
				ASSETCATALOG_COMPILER_APPICON_NAME = AppIcon;
				ASSETCATALOG_COMPILER_GLOBAL_ACCENT_COLOR_NAME = AccentColor;
				CODE_SIGN_STYLE = Automatic;
				CURRENT_PROJECT_VERSION = 1;
				DEVELOPMENT_TEAM = HWBJNMY98D;
				GENERATE_INFOPLIST_FILE = YES;
				INFOPLIST_FILE = FLOMusicPlayer_ReactorKit/Info.plist;
				INFOPLIST_KEY_UIApplicationSupportsIndirectInputEvents = YES;
				INFOPLIST_KEY_UILaunchStoryboardName = LaunchScreen;
				INFOPLIST_KEY_UISupportedInterfaceOrientations_iPad = "UIInterfaceOrientationPortrait UIInterfaceOrientationPortraitUpsideDown UIInterfaceOrientationLandscapeLeft UIInterfaceOrientationLandscapeRight";
				INFOPLIST_KEY_UISupportedInterfaceOrientations_iPhone = "UIInterfaceOrientationPortrait UIInterfaceOrientationLandscapeLeft UIInterfaceOrientationLandscapeRight";
				LD_RUNPATH_SEARCH_PATHS = (
					"$(inherited)",
					"@executable_path/Frameworks",
				);
				MARKETING_VERSION = 1.0;
				PRODUCT_BUNDLE_IDENTIFIER = "com.zaezero.FLOMusicPlayer-ReactorKit";
				PRODUCT_NAME = "$(TARGET_NAME)";
				SWIFT_EMIT_LOC_STRINGS = YES;
				SWIFT_VERSION = 5.0;
				TARGETED_DEVICE_FAMILY = "1,2";
			};
			name = Release;
		};
/* End XCBuildConfiguration section */

/* Begin XCConfigurationList section */
		AEFF948A2813EA8F00BF4D70 /* Build configuration list for PBXProject "FLOMusicPlayer_ReactorKit" */ = {
			isa = XCConfigurationList;
			buildConfigurations = (
				AEFF94A12813EA9000BF4D70 /* Debug */,
				AEFF94A22813EA9000BF4D70 /* Release */,
			);
			defaultConfigurationIsVisible = 0;
			defaultConfigurationName = Release;
		};
		AEFF94A32813EA9000BF4D70 /* Build configuration list for PBXNativeTarget "FLOMusicPlayer_ReactorKit" */ = {
			isa = XCConfigurationList;
			buildConfigurations = (
				AEFF94A42813EA9000BF4D70 /* Debug */,
				AEFF94A52813EA9000BF4D70 /* Release */,
			);
			defaultConfigurationIsVisible = 0;
			defaultConfigurationName = Release;
		};
/* End XCConfigurationList section */
	};
	rootObject = AEFF94872813EA8F00BF4D70 /* Project object */;
}
